
Microsoft Visual Studio Solution File, Format Version 12.00
# Visual Studio 14
VisualStudioVersion = 14.0.25420.1
MinimumVisualStudioVersion = 10.0.40219.1
Project("{FAE04EC0-301F-11D3-BF4B-00C04F79EFBC}") = "Testable", "Testable\Testable.csproj", "{13934781-D4B4-427F-BB7E-6CBDF6428C40}"
EndProject
Project("{FAE04EC0-301F-11D3-BF4B-00C04F79EFBC}") = "Testable.Tests", "Testable.Tests\Testable.Tests.csproj", "{E9A38976-13D2-4918-820A-27D2CA032008}"
EndProject
Global
	GlobalSection(SolutionConfigurationPlatforms) = preSolution
		Debug|Any CPU = Debug|Any CPU
		Release|Any CPU = Release|Any CPU
	EndGlobalSection
	GlobalSection(ProjectConfigurationPlatforms) = postSolution
		{13934781-D4B4-427F-BB7E-6CBDF6428C40}.Debug|Any CPU.ActiveCfg = Debug|Any CPU
		{13934781-D4B4-427F-BB7E-6CBDF6428C40}.Debug|Any CPU.Build.0 = Debug|Any CPU
		{13934781-D4B4-427F-BB7E-6CBDF6428C40}.Release|Any CPU.ActiveCfg = Release|Any CPU
		{13934781-D4B4-427F-BB7E-6CBDF6428C40}.Release|Any CPU.Build.0 = Release|Any CPU
		{E9A38976-13D2-4918-820A-27D2CA032008}.Debug|Any CPU.ActiveCfg = Debug|Any CPU
		{E9A38976-13D2-4918-820A-27D2CA032008}.Debug|Any CPU.Build.0 = Debug|Any CPU
		{E9A38976-13D2-4918-820A-27D2CA032008}.Release|Any CPU.ActiveCfg = Release|Any CPU
		{E9A38976-13D2-4918-820A-27D2CA032008}.Release|Any CPU.Build.0 = Release|Any CPU
	EndGlobalSection
	GlobalSection(SolutionProperties) = preSolution
		HideSolutionNode = FALSE
	EndGlobalSection
EndGlobal
